// !$*UTF8*$!
{
	archiveVersion = 1;
	classes = {
	};
	objectVersion = 55;
	objects = {

/* Begin PBXBuildFile section */
		1E8A74EF2801D63F004D5566 /* Response.swift in Sources */ = {isa = PBXBuildFile; fileRef = 1E8A74EE2801D63F004D5566 /* Response.swift */; };
		1E8A74F32801E60F004D5566 /* Reaction.swift in Sources */ = {isa = PBXBuildFile; fileRef = 1E8A74F22801E60F004D5566 /* Reaction.swift */; };
		1E8A74F52801E7BD004D5566 /* Search.swift in Sources */ = {isa = PBXBuildFile; fileRef = 1E8A74F42801E7BD004D5566 /* Search.swift */; };
		1E8BF67827F9FEAE00B911AE /* Network.swift in Sources */ = {isa = PBXBuildFile; fileRef = 1E8BF67727F9FEAE00B911AE /* Network.swift */; };
		1E8BF67B27FA048E00B911AE /* Credentials.swift in Sources */ = {isa = PBXBuildFile; fileRef = 1E8BF67A27FA048E00B911AE /* Credentials.swift */; };
		1E8BF67D27FA04D200B911AE /* User.swift in Sources */ = {isa = PBXBuildFile; fileRef = 1E8BF67C27FA04D200B911AE /* User.swift */; };
		AA7C748427DDDA6100BA0A97 /* AppDelegate.swift in Sources */ = {isa = PBXBuildFile; fileRef = AA7C748327DDDA6100BA0A97 /* AppDelegate.swift */; };
		AA7C748D27DDDA6C00BA0A97 /* Assets.xcassets in Resources */ = {isa = PBXBuildFile; fileRef = AA7C748C27DDDA6C00BA0A97 /* Assets.xcassets */; };
		AA7C749027DDDA6C00BA0A97 /* LaunchScreen.storyboard in Resources */ = {isa = PBXBuildFile; fileRef = AA7C748E27DDDA6C00BA0A97 /* LaunchScreen.storyboard */; };
		AA7C749827DDDF4800BA0A97 /* AppFactory.swift in Sources */ = {isa = PBXBuildFile; fileRef = AA7C749727DDDF4800BA0A97 /* AppFactory.swift */; };
		AA7C749B27DDE6B600BA0A97 /* FeedController.swift in Sources */ = {isa = PBXBuildFile; fileRef = AA7C749A27DDE6B600BA0A97 /* FeedController.swift */; };
		AA7C749D27DDE6CF00BA0A97 /* MatchListController.swift in Sources */ = {isa = PBXBuildFile; fileRef = AA7C749C27DDE6CF00BA0A97 /* MatchListController.swift */; };
		AA7C749F27DDE6E200BA0A97 /* ChatListController.swift in Sources */ = {isa = PBXBuildFile; fileRef = AA7C749E27DDE6E200BA0A97 /* ChatListController.swift */; };
		AA7C74A127DDE6F200BA0A97 /* ProfileController.swift in Sources */ = {isa = PBXBuildFile; fileRef = AA7C74A027DDE6F200BA0A97 /* ProfileController.swift */; };
		CC0CDBD02802388A00B5B467 /* PinLayout in Frameworks */ = {isa = PBXBuildFile; productRef = CC0CDBCF2802388A00B5B467 /* PinLayout */; };
		CC0CDBD32803252800B5B467 /* Kingfisher in Frameworks */ = {isa = PBXBuildFile; productRef = CC0CDBD22803252800B5B467 /* Kingfisher */; };
		CC9968AA27FC7ADA009C2BD0 /* FeedModel.swift in Sources */ = {isa = PBXBuildFile; fileRef = CC9968A927FC7ADA009C2BD0 /* FeedModel.swift */; };
		CC9968B127FCA89C009C2BD0 /* FeedVIew.swift in Sources */ = {isa = PBXBuildFile; fileRef = CC9968B027FCA89C009C2BD0 /* FeedVIew.swift */; };
		CC9968B427FCB3CE009C2BD0 /* Profile.swift in Sources */ = {isa = PBXBuildFile; fileRef = CC9968B327FCB3CE009C2BD0 /* Profile.swift */; };
		CC9968BA27FCB698009C2BD0 /* Card.swift in Sources */ = {isa = PBXBuildFile; fileRef = CC9968B927FCB698009C2BD0 /* Card.swift */; };
		CC9A0B722809CB810033DE00 /* Credentials.swift in Sources */ = {isa = PBXBuildFile; fileRef = CC9A0B712809CB810033DE00 /* Credentials.swift */; };
		CC9A0B782809CB8A0033DE00 /* Response.swift in Sources */ = {isa = PBXBuildFile; fileRef = CC9A0B732809CB8A0033DE00 /* Response.swift */; };
		CC9A0B792809CB8A0033DE00 /* Search.swift in Sources */ = {isa = PBXBuildFile; fileRef = CC9A0B742809CB8A0033DE00 /* Search.swift */; };
		CC9A0B7A2809CB8A0033DE00 /* Reaction.swift in Sources */ = {isa = PBXBuildFile; fileRef = CC9A0B752809CB8A0033DE00 /* Reaction.swift */; };
		CC9A0B7B2809CB8A0033DE00 /* RegInfo.swift in Sources */ = {isa = PBXBuildFile; fileRef = CC9A0B762809CB8A0033DE00 /* RegInfo.swift */; };
		CC9A0B7C2809CB8A0033DE00 /* User.swift in Sources */ = {isa = PBXBuildFile; fileRef = CC9A0B772809CB8A0033DE00 /* User.swift */; };
		CC9A0B7F2809CBC70033DE00 /* Network.swift in Sources */ = {isa = PBXBuildFile; fileRef = CC9A0B7E2809CBC70033DE00 /* Network.swift */; };
/* End PBXBuildFile section */

/* Begin PBXFileReference section */
		1E8A74EE2801D63F004D5566 /* Response.swift */ = {isa = PBXFileReference; lastKnownFileType = sourcecode.swift; path = Response.swift; sourceTree = "<group>"; };
		1E8A74F22801E60F004D5566 /* Reaction.swift */ = {isa = PBXFileReference; lastKnownFileType = sourcecode.swift; path = Reaction.swift; sourceTree = "<group>"; };
		1E8A74F42801E7BD004D5566 /* Search.swift */ = {isa = PBXFileReference; lastKnownFileType = sourcecode.swift; path = Search.swift; sourceTree = "<group>"; };
		1E8BF67727F9FEAE00B911AE /* Network.swift */ = {isa = PBXFileReference; lastKnownFileType = sourcecode.swift; path = Network.swift; sourceTree = "<group>"; };
		1E8BF67A27FA048E00B911AE /* Credentials.swift */ = {isa = PBXFileReference; lastKnownFileType = sourcecode.swift; path = Credentials.swift; sourceTree = "<group>"; };
		1E8BF67C27FA04D200B911AE /* User.swift */ = {isa = PBXFileReference; lastKnownFileType = sourcecode.swift; path = User.swift; sourceTree = "<group>"; };
		AA7C748027DDDA6100BA0A97 /* Drip.app */ = {isa = PBXFileReference; explicitFileType = wrapper.application; includeInIndex = 0; path = Drip.app; sourceTree = BUILT_PRODUCTS_DIR; };
		AA7C748327DDDA6100BA0A97 /* AppDelegate.swift */ = {isa = PBXFileReference; lastKnownFileType = sourcecode.swift; path = AppDelegate.swift; sourceTree = "<group>"; };
		AA7C748C27DDDA6C00BA0A97 /* Assets.xcassets */ = {isa = PBXFileReference; lastKnownFileType = folder.assetcatalog; path = Assets.xcassets; sourceTree = "<group>"; };
		AA7C748F27DDDA6C00BA0A97 /* Base */ = {isa = PBXFileReference; lastKnownFileType = file.storyboard; name = Base; path = Base.lproj/LaunchScreen.storyboard; sourceTree = "<group>"; };
		AA7C749127DDDA6C00BA0A97 /* Info.plist */ = {isa = PBXFileReference; lastKnownFileType = text.plist.xml; path = Info.plist; sourceTree = "<group>"; };
		AA7C749727DDDF4800BA0A97 /* AppFactory.swift */ = {isa = PBXFileReference; lastKnownFileType = sourcecode.swift; path = AppFactory.swift; sourceTree = "<group>"; };
		AA7C749A27DDE6B600BA0A97 /* FeedController.swift */ = {isa = PBXFileReference; lastKnownFileType = sourcecode.swift; path = FeedController.swift; sourceTree = "<group>"; };
		AA7C749C27DDE6CF00BA0A97 /* MatchListController.swift */ = {isa = PBXFileReference; lastKnownFileType = sourcecode.swift; path = MatchListController.swift; sourceTree = "<group>"; };
		AA7C749E27DDE6E200BA0A97 /* ChatListController.swift */ = {isa = PBXFileReference; lastKnownFileType = sourcecode.swift; path = ChatListController.swift; sourceTree = "<group>"; };
		AA7C74A027DDE6F200BA0A97 /* ProfileController.swift */ = {isa = PBXFileReference; lastKnownFileType = sourcecode.swift; path = ProfileController.swift; sourceTree = "<group>"; };
		CC9968A927FC7ADA009C2BD0 /* FeedModel.swift */ = {isa = PBXFileReference; lastKnownFileType = sourcecode.swift; path = FeedModel.swift; sourceTree = "<group>"; };
		CC9968B027FCA89C009C2BD0 /* FeedVIew.swift */ = {isa = PBXFileReference; lastKnownFileType = sourcecode.swift; path = FeedVIew.swift; sourceTree = "<group>"; };
		CC9968B327FCB3CE009C2BD0 /* Profile.swift */ = {isa = PBXFileReference; lastKnownFileType = sourcecode.swift; path = Profile.swift; sourceTree = "<group>"; };
		CC9968B927FCB698009C2BD0 /* Card.swift */ = {isa = PBXFileReference; lastKnownFileType = sourcecode.swift; path = Card.swift; sourceTree = "<group>"; };
		CC9A0B712809CB810033DE00 /* Credentials.swift */ = {isa = PBXFileReference; fileEncoding = 4; lastKnownFileType = sourcecode.swift; path = Credentials.swift; sourceTree = "<group>"; };
		CC9A0B732809CB8A0033DE00 /* Response.swift */ = {isa = PBXFileReference; fileEncoding = 4; lastKnownFileType = sourcecode.swift; path = Response.swift; sourceTree = "<group>"; };
		CC9A0B742809CB8A0033DE00 /* Search.swift */ = {isa = PBXFileReference; fileEncoding = 4; lastKnownFileType = sourcecode.swift; path = Search.swift; sourceTree = "<group>"; };
		CC9A0B752809CB8A0033DE00 /* Reaction.swift */ = {isa = PBXFileReference; fileEncoding = 4; lastKnownFileType = sourcecode.swift; path = Reaction.swift; sourceTree = "<group>"; };
		CC9A0B762809CB8A0033DE00 /* RegInfo.swift */ = {isa = PBXFileReference; fileEncoding = 4; lastKnownFileType = sourcecode.swift; path = RegInfo.swift; sourceTree = "<group>"; };
		CC9A0B772809CB8A0033DE00 /* User.swift */ = {isa = PBXFileReference; fileEncoding = 4; lastKnownFileType = sourcecode.swift; path = User.swift; sourceTree = "<group>"; };
		CC9A0B7E2809CBC70033DE00 /* Network.swift */ = {isa = PBXFileReference; lastKnownFileType = sourcecode.swift; path = Network.swift; sourceTree = "<group>"; };
/* End PBXFileReference section */

/* Begin PBXFrameworksBuildPhase section */
		AA7C747D27DDDA6100BA0A97 /* Frameworks */ = {
			isa = PBXFrameworksBuildPhase;
			buildActionMask = 2147483647;
			files = (
				CC0CDBD32803252800B5B467 /* Kingfisher in Frameworks */,
				CC0CDBD02802388A00B5B467 /* PinLayout in Frameworks */,
			);
			runOnlyForDeploymentPostprocessing = 0;
		};
/* End PBXFrameworksBuildPhase section */

/* Begin PBXGroup section */
		AA7C747727DDDA6100BA0A97 = {
			isa = PBXGroup;
			children = (
				AA7C748227DDDA6100BA0A97 /* Drip */,
				AA7C748127DDDA6100BA0A97 /* Products */,
				CC9A0B6E2809CACF0033DE00 /* Recovered References */,
			);
			sourceTree = "<group>";
		};
		AA7C748127DDDA6100BA0A97 /* Products */ = {
			isa = PBXGroup;
			children = (
				AA7C748027DDDA6100BA0A97 /* Drip.app */,
			);
			name = Products;
			sourceTree = "<group>";
		};
		AA7C748227DDDA6100BA0A97 /* Drip */ = {
			isa = PBXGroup;
			children = (
				CC9A0B812809CC0F0033DE00 /* Network */,
				CC9968B227FCB3A1009C2BD0 /* Models */,
				CC9968AB27FC9CC9009C2BD0 /* Components */,
				AA7C749927DDE66F00BA0A97 /* Scenes */,
				AA7C748327DDDA6100BA0A97 /* AppDelegate.swift */,
				AA7C748C27DDDA6C00BA0A97 /* Assets.xcassets */,
				AA7C748E27DDDA6C00BA0A97 /* LaunchScreen.storyboard */,
				AA7C749127DDDA6C00BA0A97 /* Info.plist */,
				AA7C749727DDDF4800BA0A97 /* AppFactory.swift */,
			);
			path = Drip;
			sourceTree = "<group>";
		};
		AA7C749927DDE66F00BA0A97 /* Scenes */ = {
			isa = PBXGroup;
			children = (
				CC9968AF27FCA723009C2BD0 /* Feed */,
				AA7C749C27DDE6CF00BA0A97 /* MatchListController.swift */,
				AA7C749E27DDE6E200BA0A97 /* ChatListController.swift */,
				AA7C74A027DDE6F200BA0A97 /* ProfileController.swift */,
			);
			path = Scenes;
			sourceTree = "<group>";
		};
		CC9968AB27FC9CC9009C2BD0 /* Components */ = {
			isa = PBXGroup;
			children = (
				CC9968B927FCB698009C2BD0 /* Card.swift */,
			);
			path = Components;
			sourceTree = "<group>";
		};
		CC9968AF27FCA723009C2BD0 /* Feed */ = {
			isa = PBXGroup;
			children = (
				CC9968A927FC7ADA009C2BD0 /* FeedModel.swift */,
				AA7C749A27DDE6B600BA0A97 /* FeedController.swift */,
				CC9968B027FCA89C009C2BD0 /* FeedVIew.swift */,
			);
			path = Feed;
			sourceTree = "<group>";
		};
		CC9968B227FCB3A1009C2BD0 /* Models */ = {
			isa = PBXGroup;
			children = (
				CC9A0B762809CB8A0033DE00 /* RegInfo.swift */,
				CC9968B327FCB3CE009C2BD0 /* Profile.swift */,
			);
			path = Models;
			sourceTree = "<group>";
		};
		CC9A0B6E2809CACF0033DE00 /* Recovered References */ = {
			isa = PBXGroup;
			children = (
				1E8BF67A27FA048E00B911AE /* Credentials.swift */,
				CC9A0B712809CB810033DE00 /* Credentials.swift */,
				1E8A74F22801E60F004D5566 /* Reaction.swift */,
				CC9A0B752809CB8A0033DE00 /* Reaction.swift */,
				CC9A0B732809CB8A0033DE00 /* Response.swift */,
				CC9A0B742809CB8A0033DE00 /* Search.swift */,
				CC9A0B7E2809CBC70033DE00 /* Network.swift */,
				1E8BF67C27FA04D200B911AE /* User.swift */,
				CC9A0B772809CB8A0033DE00 /* User.swift */,
				1E8A74EE2801D63F004D5566 /* Response.swift */,
				1E8A74F42801E7BD004D5566 /* Search.swift */,
				1E8BF67727F9FEAE00B911AE /* Network.swift */,
			);
			name = "Recovered References";
			sourceTree = "<group>";
		};
		CC9A0B812809CC0F0033DE00 /* Network */ = {
			isa = PBXGroup;
			children = (
			);
			path = Network;
			sourceTree = "<group>";
		};
/* End PBXGroup section */

/* Begin PBXNativeTarget section */
		AA7C747F27DDDA6100BA0A97 /* Drip */ = {
			isa = PBXNativeTarget;
			buildConfigurationList = AA7C749427DDDA6C00BA0A97 /* Build configuration list for PBXNativeTarget "Drip" */;
			buildPhases = (
				AA7C747C27DDDA6100BA0A97 /* Sources */,
				AA7C747D27DDDA6100BA0A97 /* Frameworks */,
				AA7C747E27DDDA6100BA0A97 /* Resources */,
			);
			buildRules = (
			);
			dependencies = (
			);
			name = Drip;
			packageProductDependencies = (
				CC0CDBCF2802388A00B5B467 /* PinLayout */,
				CC0CDBD22803252800B5B467 /* Kingfisher */,
			);
			productName = Drip;
			productReference = AA7C748027DDDA6100BA0A97 /* Drip.app */;
			productType = "com.apple.product-type.application";
		};
/* End PBXNativeTarget section */

/* Begin PBXProject section */
		AA7C747827DDDA6100BA0A97 /* Project object */ = {
			isa = PBXProject;
			attributes = {
				BuildIndependentTargetsInParallel = 1;
				LastSwiftUpdateCheck = 1320;
				LastUpgradeCheck = 1320;
				TargetAttributes = {
					AA7C747F27DDDA6100BA0A97 = {
						CreatedOnToolsVersion = 13.2.1;
					};
				};
			};
			buildConfigurationList = AA7C747B27DDDA6100BA0A97 /* Build configuration list for PBXProject "Drip" */;
			compatibilityVersion = "Xcode 13.0";
			developmentRegion = en;
			hasScannedForEncodings = 0;
			knownRegions = (
				en,
				Base,
			);
			mainGroup = AA7C747727DDDA6100BA0A97;
			packageReferences = (
				CC0CDBCE2802388A00B5B467 /* XCRemoteSwiftPackageReference "PinLayout" */,
				CC0CDBD12803252700B5B467 /* XCRemoteSwiftPackageReference "KingFisher" */,
			);
			productRefGroup = AA7C748127DDDA6100BA0A97 /* Products */;
			projectDirPath = "";
			projectRoot = "";
			targets = (
				AA7C747F27DDDA6100BA0A97 /* Drip */,
			);
		};
/* End PBXProject section */

/* Begin PBXResourcesBuildPhase section */
		AA7C747E27DDDA6100BA0A97 /* Resources */ = {
			isa = PBXResourcesBuildPhase;
			buildActionMask = 2147483647;
			files = (
				AA7C749027DDDA6C00BA0A97 /* LaunchScreen.storyboard in Resources */,
				AA7C748D27DDDA6C00BA0A97 /* Assets.xcassets in Resources */,
			);
			runOnlyForDeploymentPostprocessing = 0;
		};
/* End PBXResourcesBuildPhase section */

/* Begin PBXSourcesBuildPhase section */
		AA7C747C27DDDA6100BA0A97 /* Sources */ = {
			isa = PBXSourcesBuildPhase;
			buildActionMask = 2147483647;
			files = (
				CC9968B127FCA89C009C2BD0 /* FeedVIew.swift in Sources */,
				AA7C74A127DDE6F200BA0A97 /* ProfileController.swift in Sources */,
				AA7C749827DDDF4800BA0A97 /* AppFactory.swift in Sources */,
				1E8BF67B27FA048E00B911AE /* Credentials.swift in Sources */,
				CC9A0B7B2809CB8A0033DE00 /* RegInfo.swift in Sources */,
				CC9A0B782809CB8A0033DE00 /* Response.swift in Sources */,
				AA7C749F27DDE6E200BA0A97 /* ChatListController.swift in Sources */,
				CC9A0B7A2809CB8A0033DE00 /* Reaction.swift in Sources */,
				CC9968B427FCB3CE009C2BD0 /* Profile.swift in Sources */,
				AA7C748427DDDA6100BA0A97 /* AppDelegate.swift in Sources */,
				CC9A0B7C2809CB8A0033DE00 /* User.swift in Sources */,
				1E8A74F32801E60F004D5566 /* Reaction.swift in Sources */,
				1E8BF67D27FA04D200B911AE /* User.swift in Sources */,
				AA7C749D27DDE6CF00BA0A97 /* MatchListController.swift in Sources */,
				CC9A0B722809CB810033DE00 /* Credentials.swift in Sources */,
				CC9A0B792809CB8A0033DE00 /* Search.swift in Sources */,
				1E8A74EF2801D63F004D5566 /* Response.swift in Sources */,
				1E8A74F52801E7BD004D5566 /* Search.swift in Sources */,
				1E8BF67827F9FEAE00B911AE /* Network.swift in Sources */,
				AA7C749B27DDE6B600BA0A97 /* FeedController.swift in Sources */,
				CC9968AA27FC7ADA009C2BD0 /* FeedModel.swift in Sources */,
				CC9968BA27FCB698009C2BD0 /* Card.swift in Sources */,
				CC9A0B7F2809CBC70033DE00 /* Network.swift in Sources */,
			);
			runOnlyForDeploymentPostprocessing = 0;
		};
/* End PBXSourcesBuildPhase section */

/* Begin PBXVariantGroup section */
		AA7C748E27DDDA6C00BA0A97 /* LaunchScreen.storyboard */ = {
			isa = PBXVariantGroup;
			children = (
				AA7C748F27DDDA6C00BA0A97 /* Base */,
			);
			name = LaunchScreen.storyboard;
			sourceTree = "<group>";
		};
/* End PBXVariantGroup section */

/* Begin XCBuildConfiguration section */
		AA7C749227DDDA6C00BA0A97 /* Debug */ = {
			isa = XCBuildConfiguration;
			buildSettings = {
				ALWAYS_SEARCH_USER_PATHS = NO;
				CLANG_ANALYZER_NONNULL = YES;
				CLANG_ANALYZER_NUMBER_OBJECT_CONVERSION = YES_AGGRESSIVE;
				CLANG_CXX_LANGUAGE_STANDARD = "gnu++17";
				CLANG_CXX_LIBRARY = "libc++";
				CLANG_ENABLE_MODULES = YES;
				CLANG_ENABLE_OBJC_ARC = YES;
				CLANG_ENABLE_OBJC_WEAK = YES;
				CLANG_WARN_BLOCK_CAPTURE_AUTORELEASING = YES;
				CLANG_WARN_BOOL_CONVERSION = YES;
				CLANG_WARN_COMMA = YES;
				CLANG_WARN_CONSTANT_CONVERSION = YES;
				CLANG_WARN_DEPRECATED_OBJC_IMPLEMENTATIONS = YES;
				CLANG_WARN_DIRECT_OBJC_ISA_USAGE = YES_ERROR;
				CLANG_WARN_DOCUMENTATION_COMMENTS = YES;
				CLANG_WARN_EMPTY_BODY = YES;
				CLANG_WARN_ENUM_CONVERSION = YES;
				CLANG_WARN_INFINITE_RECURSION = YES;
				CLANG_WARN_INT_CONVERSION = YES;
				CLANG_WARN_NON_LITERAL_NULL_CONVERSION = YES;
				CLANG_WARN_OBJC_IMPLICIT_RETAIN_SELF = YES;
				CLANG_WARN_OBJC_LITERAL_CONVERSION = YES;
				CLANG_WARN_OBJC_ROOT_CLASS = YES_ERROR;
				CLANG_WARN_QUOTED_INCLUDE_IN_FRAMEWORK_HEADER = YES;
				CLANG_WARN_RANGE_LOOP_ANALYSIS = YES;
				CLANG_WARN_STRICT_PROTOTYPES = YES;
				CLANG_WARN_SUSPICIOUS_MOVE = YES;
				CLANG_WARN_UNGUARDED_AVAILABILITY = YES_AGGRESSIVE;
				CLANG_WARN_UNREACHABLE_CODE = YES;
				CLANG_WARN__DUPLICATE_METHOD_MATCH = YES;
				COPY_PHASE_STRIP = NO;
				DEBUG_INFORMATION_FORMAT = dwarf;
				ENABLE_STRICT_OBJC_MSGSEND = YES;
				ENABLE_TESTABILITY = YES;
				GCC_C_LANGUAGE_STANDARD = gnu11;
				GCC_DYNAMIC_NO_PIC = NO;
				GCC_NO_COMMON_BLOCKS = YES;
				GCC_OPTIMIZATION_LEVEL = 0;
				GCC_PREPROCESSOR_DEFINITIONS = (
					"DEBUG=1",
					"$(inherited)",
				);
				GCC_WARN_64_TO_32_BIT_CONVERSION = YES;
				GCC_WARN_ABOUT_RETURN_TYPE = YES_ERROR;
				GCC_WARN_UNDECLARED_SELECTOR = YES;
				GCC_WARN_UNINITIALIZED_AUTOS = YES_AGGRESSIVE;
				GCC_WARN_UNUSED_FUNCTION = YES;
				GCC_WARN_UNUSED_VARIABLE = YES;
				IPHONEOS_DEPLOYMENT_TARGET = 15.2;
				MTL_ENABLE_DEBUG_INFO = INCLUDE_SOURCE;
				MTL_FAST_MATH = YES;
				ONLY_ACTIVE_ARCH = YES;
				SDKROOT = iphoneos;
				SWIFT_ACTIVE_COMPILATION_CONDITIONS = DEBUG;
				SWIFT_OPTIMIZATION_LEVEL = "-Onone";
			};
			name = Debug;
		};
		AA7C749327DDDA6C00BA0A97 /* Release */ = {
			isa = XCBuildConfiguration;
			buildSettings = {
				ALWAYS_SEARCH_USER_PATHS = NO;
				CLANG_ANALYZER_NONNULL = YES;
				CLANG_ANALYZER_NUMBER_OBJECT_CONVERSION = YES_AGGRESSIVE;
				CLANG_CXX_LANGUAGE_STANDARD = "gnu++17";
				CLANG_CXX_LIBRARY = "libc++";
				CLANG_ENABLE_MODULES = YES;
				CLANG_ENABLE_OBJC_ARC = YES;
				CLANG_ENABLE_OBJC_WEAK = YES;
				CLANG_WARN_BLOCK_CAPTURE_AUTORELEASING = YES;
				CLANG_WARN_BOOL_CONVERSION = YES;
				CLANG_WARN_COMMA = YES;
				CLANG_WARN_CONSTANT_CONVERSION = YES;
				CLANG_WARN_DEPRECATED_OBJC_IMPLEMENTATIONS = YES;
				CLANG_WARN_DIRECT_OBJC_ISA_USAGE = YES_ERROR;
				CLANG_WARN_DOCUMENTATION_COMMENTS = YES;
				CLANG_WARN_EMPTY_BODY = YES;
				CLANG_WARN_ENUM_CONVERSION = YES;
				CLANG_WARN_INFINITE_RECURSION = YES;
				CLANG_WARN_INT_CONVERSION = YES;
				CLANG_WARN_NON_LITERAL_NULL_CONVERSION = YES;
				CLANG_WARN_OBJC_IMPLICIT_RETAIN_SELF = YES;
				CLANG_WARN_OBJC_LITERAL_CONVERSION = YES;
				CLANG_WARN_OBJC_ROOT_CLASS = YES_ERROR;
				CLANG_WARN_QUOTED_INCLUDE_IN_FRAMEWORK_HEADER = YES;
				CLANG_WARN_RANGE_LOOP_ANALYSIS = YES;
				CLANG_WARN_STRICT_PROTOTYPES = YES;
				CLANG_WARN_SUSPICIOUS_MOVE = YES;
				CLANG_WARN_UNGUARDED_AVAILABILITY = YES_AGGRESSIVE;
				CLANG_WARN_UNREACHABLE_CODE = YES;
				CLANG_WARN__DUPLICATE_METHOD_MATCH = YES;
				COPY_PHASE_STRIP = NO;
				DEBUG_INFORMATION_FORMAT = "dwarf-with-dsym";
				ENABLE_NS_ASSERTIONS = NO;
				ENABLE_STRICT_OBJC_MSGSEND = YES;
				GCC_C_LANGUAGE_STANDARD = gnu11;
				GCC_NO_COMMON_BLOCKS = YES;
				GCC_WARN_64_TO_32_BIT_CONVERSION = YES;
				GCC_WARN_ABOUT_RETURN_TYPE = YES_ERROR;
				GCC_WARN_UNDECLARED_SELECTOR = YES;
				GCC_WARN_UNINITIALIZED_AUTOS = YES_AGGRESSIVE;
				GCC_WARN_UNUSED_FUNCTION = YES;
				GCC_WARN_UNUSED_VARIABLE = YES;
				IPHONEOS_DEPLOYMENT_TARGET = 15.2;
				MTL_ENABLE_DEBUG_INFO = NO;
				MTL_FAST_MATH = YES;
				SDKROOT = iphoneos;
				SWIFT_COMPILATION_MODE = wholemodule;
				SWIFT_OPTIMIZATION_LEVEL = "-O";
				VALIDATE_PRODUCT = YES;
			};
			name = Release;
		};
		AA7C749527DDDA6C00BA0A97 /* Debug */ = {
			isa = XCBuildConfiguration;
			buildSettings = {
				ASSETCATALOG_COMPILER_APPICON_NAME = AppIcon;
				ASSETCATALOG_COMPILER_GLOBAL_ACCENT_COLOR_NAME = AccentColor;
				CODE_SIGN_STYLE = Automatic;
				CURRENT_PROJECT_VERSION = 1;
				DEVELOPMENT_TEAM = CMTDC8RT45;
				GENERATE_INFOPLIST_FILE = YES;
				INFOPLIST_FILE = Drip/Info.plist;
				INFOPLIST_KEY_UIApplicationSupportsIndirectInputEvents = YES;
				INFOPLIST_KEY_UILaunchStoryboardName = LaunchScreen;
				INFOPLIST_KEY_UISupportedInterfaceOrientations = UIInterfaceOrientationPortrait;
				INFOPLIST_KEY_UISupportedInterfaceOrientations_iPhone = UIInterfaceOrientationPortrait;
				IPHONEOS_DEPLOYMENT_TARGET = 14.0;
				LD_RUNPATH_SEARCH_PATHS = (
					"$(inherited)",
					"@executable_path/Frameworks",
				);
				MARKETING_VERSION = 1.0;
				PRODUCT_BUNDLE_IDENTIFIER = com.Drip.monkeys;
				PRODUCT_NAME = "$(TARGET_NAME)";
				SWIFT_EMIT_LOC_STRINGS = YES;
				SWIFT_VERSION = 5.0;
				TARGETED_DEVICE_FAMILY = 1;
			};
			name = Debug;
		};
		AA7C749627DDDA6C00BA0A97 /* Release */ = {
			isa = XCBuildConfiguration;
			buildSettings = {
				ASSETCATALOG_COMPILER_APPICON_NAME = AppIcon;
				ASSETCATALOG_COMPILER_GLOBAL_ACCENT_COLOR_NAME = AccentColor;
				CODE_SIGN_STYLE = Automatic;
				CURRENT_PROJECT_VERSION = 1;
				DEVELOPMENT_TEAM = CMTDC8RT45;
				GENERATE_INFOPLIST_FILE = YES;
				INFOPLIST_FILE = Drip/Info.plist;
				INFOPLIST_KEY_UIApplicationSupportsIndirectInputEvents = YES;
				INFOPLIST_KEY_UILaunchStoryboardName = LaunchScreen;
				INFOPLIST_KEY_UISupportedInterfaceOrientations = UIInterfaceOrientationPortrait;
				INFOPLIST_KEY_UISupportedInterfaceOrientations_iPhone = UIInterfaceOrientationPortrait;
				IPHONEOS_DEPLOYMENT_TARGET = 14.0;
				LD_RUNPATH_SEARCH_PATHS = (
					"$(inherited)",
					"@executable_path/Frameworks",
				);
				MARKETING_VERSION = 1.0;
				PRODUCT_BUNDLE_IDENTIFIER = com.Drip.monkeys;
				PRODUCT_NAME = "$(TARGET_NAME)";
				SWIFT_EMIT_LOC_STRINGS = YES;
				SWIFT_VERSION = 5.0;
				TARGETED_DEVICE_FAMILY = 1;
			};
			name = Release;
		};
/* End XCBuildConfiguration section */

/* Begin XCConfigurationList section */
		AA7C747B27DDDA6100BA0A97 /* Build configuration list for PBXProject "Drip" */ = {
			isa = XCConfigurationList;
			buildConfigurations = (
				AA7C749227DDDA6C00BA0A97 /* Debug */,
				AA7C749327DDDA6C00BA0A97 /* Release */,
			);
			defaultConfigurationIsVisible = 0;
			defaultConfigurationName = Release;
		};
		AA7C749427DDDA6C00BA0A97 /* Build configuration list for PBXNativeTarget "Drip" */ = {
			isa = XCConfigurationList;
			buildConfigurations = (
				AA7C749527DDDA6C00BA0A97 /* Debug */,
				AA7C749627DDDA6C00BA0A97 /* Release */,
			);
			defaultConfigurationIsVisible = 0;
			defaultConfigurationName = Release;
		};
/* End XCConfigurationList section */

/* Begin XCRemoteSwiftPackageReference section */
		CC0CDBCE2802388A00B5B467 /* XCRemoteSwiftPackageReference "PinLayout" */ = {
			isa = XCRemoteSwiftPackageReference;
			repositoryURL = "https://github.com/layoutBox/PinLayout";
			requirement = {
				kind = exactVersion;
				version = 1.9.4;
			};
		};
		CC0CDBD12803252700B5B467 /* XCRemoteSwiftPackageReference "KingFisher" */ = {
			isa = XCRemoteSwiftPackageReference;
			repositoryURL = "https://github.com/onevcat/KingFisher";
			requirement = {
				kind = upToNextMajorVersion;
				minimumVersion = 7.0.0;
			};
		};
/* End XCRemoteSwiftPackageReference section */

/* Begin XCSwiftPackageProductDependency section */
		CC0CDBCF2802388A00B5B467 /* PinLayout */ = {
			isa = XCSwiftPackageProductDependency;
			package = CC0CDBCE2802388A00B5B467 /* XCRemoteSwiftPackageReference "PinLayout" */;
			productName = PinLayout;
		};
		CC0CDBD22803252800B5B467 /* Kingfisher */ = {
			isa = XCSwiftPackageProductDependency;
			package = CC0CDBD12803252700B5B467 /* XCRemoteSwiftPackageReference "KingFisher" */;
			productName = Kingfisher;
		};
/* End XCSwiftPackageProductDependency section */
	};
	rootObject = AA7C747827DDDA6100BA0A97 /* Project object */;
}
